// !$*UTF8*$!
{
	archiveVersion = 1;
	classes = {
	};
	objectVersion = 46;
	objects = {

/* Begin PBXBuildFile section */
		2FEC6BA4A3AB3C7D424B1843 /* Pods_UTShuttleSwift.framework in Frameworks */ = {isa = PBXBuildFile; fileRef = B13FCEEBC0C589EC6975E86D /* Pods_UTShuttleSwift.framework */; };
		4448505A1F0F57B60039E209 /* CommandClient.swift in Sources */ = {isa = PBXBuildFile; fileRef = 444850591F0F57B60039E209 /* CommandClient.swift */; };
		4448505C1F0F57F20039E209 /* DefaultStyle.swift in Sources */ = {isa = PBXBuildFile; fileRef = 4448505B1F0F57F20039E209 /* DefaultStyle.swift */; };
		4448505E1F0F62C70039E209 /* DeviceDetails.swift in Sources */ = {isa = PBXBuildFile; fileRef = 4448505D1F0F62C70039E209 /* DeviceDetails.swift */; };
		444A35971F138ED200D48C63 /* DriverLoginViewController.swift in Sources */ = {isa = PBXBuildFile; fileRef = 444A35961F138ED200D48C63 /* DriverLoginViewController.swift */; };
		447B7B141F0E4DBA00C4774E /* AppDelegate.swift in Sources */ = {isa = PBXBuildFile; fileRef = 447B7B131F0E4DBA00C4774E /* AppDelegate.swift */; };
		447B7B191F0E4DBA00C4774E /* Main.storyboard in Resources */ = {isa = PBXBuildFile; fileRef = 447B7B171F0E4DBA00C4774E /* Main.storyboard */; };
		447B7B1B1F0E4DBA00C4774E /* Assets.xcassets in Resources */ = {isa = PBXBuildFile; fileRef = 447B7B1A1F0E4DBA00C4774E /* Assets.xcassets */; };
		447B7B1E1F0E4DBA00C4774E /* LaunchScreen.storyboard in Resources */ = {isa = PBXBuildFile; fileRef = 447B7B1C1F0E4DBA00C4774E /* LaunchScreen.storyboard */; };
		447B7B291F0E4DBA00C4774E /* UTShuttleSwiftTests.swift in Sources */ = {isa = PBXBuildFile; fileRef = 447B7B281F0E4DBA00C4774E /* UTShuttleSwiftTests.swift */; };
		447B7B341F0E4DBA00C4774E /* UTShuttleSwiftUITests.swift in Sources */ = {isa = PBXBuildFile; fileRef = 447B7B331F0E4DBA00C4774E /* UTShuttleSwiftUITests.swift */; };
		448FE4BF1F1346EF009E644B /* DeviceRegistrationViewController.swift in Sources */ = {isa = PBXBuildFile; fileRef = 448FE4BE1F1346EF009E644B /* DeviceRegistrationViewController.swift */; };
		44A83C311F0F9E910045E3B0 /* Extensions.swift in Sources */ = {isa = PBXBuildFile; fileRef = 44A83C301F0F9E910045E3B0 /* Extensions.swift */; };
		44A83C331F0FA5E30045E3B0 /* ModalUtils.swift in Sources */ = {isa = PBXBuildFile; fileRef = 44A83C321F0FA5E30045E3B0 /* ModalUtils.swift */; };
		44A989B21F0FB5450021D5E9 /* LoadingViewController.swift in Sources */ = {isa = PBXBuildFile; fileRef = 44A989B11F0FB5450021D5E9 /* LoadingViewController.swift */; };
		44A989B41F109D770021D5E9 /* NavigationUtils.swift in Sources */ = {isa = PBXBuildFile; fileRef = 44A989B31F109D770021D5E9 /* NavigationUtils.swift */; };
		46016C68D1BAB6B8A67B7226 /* Pods_UTShuttleSwiftUITests.framework in Frameworks */ = {isa = PBXBuildFile; fileRef = DF6145F7D1AE52E70E57237D /* Pods_UTShuttleSwiftUITests.framework */; };
		C59A446A285E705AA500DBB8 /* Pods_UTShuttleSwiftTests.framework in Frameworks */ = {isa = PBXBuildFile; fileRef = 2B788D8310D89358AD9D2C6A /* Pods_UTShuttleSwiftTests.framework */; };
/* End PBXBuildFile section */

/* Begin PBXContainerItemProxy section */
		447B7B251F0E4DBA00C4774E /* PBXContainerItemProxy */ = {
			isa = PBXContainerItemProxy;
			containerPortal = 447B7B081F0E4DB900C4774E /* Project object */;
			proxyType = 1;
			remoteGlobalIDString = 447B7B0F1F0E4DB900C4774E;
			remoteInfo = UTShuttleSwift;
		};
		447B7B301F0E4DBA00C4774E /* PBXContainerItemProxy */ = {
			isa = PBXContainerItemProxy;
			containerPortal = 447B7B081F0E4DB900C4774E /* Project object */;
			proxyType = 1;
			remoteGlobalIDString = 447B7B0F1F0E4DB900C4774E;
			remoteInfo = UTShuttleSwift;
		};
/* End PBXContainerItemProxy section */

/* Begin PBXFileReference section */
		0F8C833C7B629D08C71C82D8 /* Pods-UTShuttleSwiftUITests.debug.xcconfig */ = {isa = PBXFileReference; includeInIndex = 1; lastKnownFileType = text.xcconfig; name = "Pods-UTShuttleSwiftUITests.debug.xcconfig"; path = "Pods/Target Support Files/Pods-UTShuttleSwiftUITests/Pods-UTShuttleSwiftUITests.debug.xcconfig"; sourceTree = "<group>"; };
		2B788D8310D89358AD9D2C6A /* Pods_UTShuttleSwiftTests.framework */ = {isa = PBXFileReference; explicitFileType = wrapper.framework; includeInIndex = 0; path = Pods_UTShuttleSwiftTests.framework; sourceTree = BUILT_PRODUCTS_DIR; };
		444850591F0F57B60039E209 /* CommandClient.swift */ = {isa = PBXFileReference; fileEncoding = 4; lastKnownFileType = sourcecode.swift; name = CommandClient.swift; path = Classes/CommandClient.swift; sourceTree = "<group>"; };
		4448505B1F0F57F20039E209 /* DefaultStyle.swift */ = {isa = PBXFileReference; fileEncoding = 4; lastKnownFileType = sourcecode.swift; name = DefaultStyle.swift; path = Classes/DefaultStyle.swift; sourceTree = "<group>"; };
		4448505D1F0F62C70039E209 /* DeviceDetails.swift */ = {isa = PBXFileReference; fileEncoding = 4; lastKnownFileType = sourcecode.swift; name = DeviceDetails.swift; path = Classes/DeviceDetails.swift; sourceTree = "<group>"; };
		444850601F0F64BA0039E209 /* UTShuttleSwift-Bridging-Header.h */ = {isa = PBXFileReference; lastKnownFileType = sourcecode.c.h; path = "UTShuttleSwift-Bridging-Header.h"; sourceTree = "<group>"; };
		444A35961F138ED200D48C63 /* DriverLoginViewController.swift */ = {isa = PBXFileReference; fileEncoding = 4; lastKnownFileType = sourcecode.swift; name = DriverLoginViewController.swift; path = Classes/DriverLoginViewController.swift; sourceTree = "<group>"; };
		447B7B101F0E4DB900C4774E /* UTShuttleSwift.app */ = {isa = PBXFileReference; explicitFileType = wrapper.application; includeInIndex = 0; path = UTShuttleSwift.app; sourceTree = BUILT_PRODUCTS_DIR; };
		447B7B131F0E4DBA00C4774E /* AppDelegate.swift */ = {isa = PBXFileReference; lastKnownFileType = sourcecode.swift; path = AppDelegate.swift; sourceTree = "<group>"; };
		447B7B181F0E4DBA00C4774E /* Base */ = {isa = PBXFileReference; lastKnownFileType = file.storyboard; name = Base; path = Base.lproj/Main.storyboard; sourceTree = "<group>"; };
		447B7B1A1F0E4DBA00C4774E /* Assets.xcassets */ = {isa = PBXFileReference; lastKnownFileType = folder.assetcatalog; path = Assets.xcassets; sourceTree = "<group>"; };
		447B7B1D1F0E4DBA00C4774E /* Base */ = {isa = PBXFileReference; lastKnownFileType = file.storyboard; name = Base; path = Base.lproj/LaunchScreen.storyboard; sourceTree = "<group>"; };
		447B7B1F1F0E4DBA00C4774E /* Info.plist */ = {isa = PBXFileReference; lastKnownFileType = text.plist.xml; path = Info.plist; sourceTree = "<group>"; };
		447B7B241F0E4DBA00C4774E /* UTShuttleSwiftTests.xctest */ = {isa = PBXFileReference; explicitFileType = wrapper.cfbundle; includeInIndex = 0; path = UTShuttleSwiftTests.xctest; sourceTree = BUILT_PRODUCTS_DIR; };
		447B7B281F0E4DBA00C4774E /* UTShuttleSwiftTests.swift */ = {isa = PBXFileReference; lastKnownFileType = sourcecode.swift; path = UTShuttleSwiftTests.swift; sourceTree = "<group>"; };
		447B7B2A1F0E4DBA00C4774E /* Info.plist */ = {isa = PBXFileReference; lastKnownFileType = text.plist.xml; path = Info.plist; sourceTree = "<group>"; };
		447B7B2F1F0E4DBA00C4774E /* UTShuttleSwiftUITests.xctest */ = {isa = PBXFileReference; explicitFileType = wrapper.cfbundle; includeInIndex = 0; path = UTShuttleSwiftUITests.xctest; sourceTree = BUILT_PRODUCTS_DIR; };
		447B7B331F0E4DBA00C4774E /* UTShuttleSwiftUITests.swift */ = {isa = PBXFileReference; lastKnownFileType = sourcecode.swift; path = UTShuttleSwiftUITests.swift; sourceTree = "<group>"; };
		447B7B351F0E4DBA00C4774E /* Info.plist */ = {isa = PBXFileReference; lastKnownFileType = text.plist.xml; path = Info.plist; sourceTree = "<group>"; };
		448FE4BE1F1346EF009E644B /* DeviceRegistrationViewController.swift */ = {isa = PBXFileReference; fileEncoding = 4; lastKnownFileType = sourcecode.swift; name = DeviceRegistrationViewController.swift; path = Classes/DeviceRegistrationViewController.swift; sourceTree = "<group>"; };
		44A83C301F0F9E910045E3B0 /* Extensions.swift */ = {isa = PBXFileReference; fileEncoding = 4; lastKnownFileType = sourcecode.swift; name = Extensions.swift; path = Classes/Extensions.swift; sourceTree = "<group>"; };
		44A83C321F0FA5E30045E3B0 /* ModalUtils.swift */ = {isa = PBXFileReference; fileEncoding = 4; lastKnownFileType = sourcecode.swift; name = ModalUtils.swift; path = Classes/ModalUtils.swift; sourceTree = "<group>"; };
		44A989B11F0FB5450021D5E9 /* LoadingViewController.swift */ = {isa = PBXFileReference; fileEncoding = 4; lastKnownFileType = sourcecode.swift; name = LoadingViewController.swift; path = Classes/LoadingViewController.swift; sourceTree = "<group>"; };
		44A989B31F109D770021D5E9 /* NavigationUtils.swift */ = {isa = PBXFileReference; fileEncoding = 4; lastKnownFileType = sourcecode.swift; name = NavigationUtils.swift; path = Classes/NavigationUtils.swift; sourceTree = "<group>"; };
		5DE46148F6AF9F97E9420CCD /* Pods-UTShuttleSwiftTests.release.xcconfig */ = {isa = PBXFileReference; includeInIndex = 1; lastKnownFileType = text.xcconfig; name = "Pods-UTShuttleSwiftTests.release.xcconfig"; path = "Pods/Target Support Files/Pods-UTShuttleSwiftTests/Pods-UTShuttleSwiftTests.release.xcconfig"; sourceTree = "<group>"; };
		7C915D832750365DC1004A53 /* Pods-UTShuttleSwiftUITests.release.xcconfig */ = {isa = PBXFileReference; includeInIndex = 1; lastKnownFileType = text.xcconfig; name = "Pods-UTShuttleSwiftUITests.release.xcconfig"; path = "Pods/Target Support Files/Pods-UTShuttleSwiftUITests/Pods-UTShuttleSwiftUITests.release.xcconfig"; sourceTree = "<group>"; };
		7CD2F9FC00E844220F405396 /* Pods-UTShuttleSwift.debug.xcconfig */ = {isa = PBXFileReference; includeInIndex = 1; lastKnownFileType = text.xcconfig; name = "Pods-UTShuttleSwift.debug.xcconfig"; path = "Pods/Target Support Files/Pods-UTShuttleSwift/Pods-UTShuttleSwift.debug.xcconfig"; sourceTree = "<group>"; };
		93A07D6AF8232032A54E9D19 /* Pods-UTShuttleSwift.release.xcconfig */ = {isa = PBXFileReference; includeInIndex = 1; lastKnownFileType = text.xcconfig; name = "Pods-UTShuttleSwift.release.xcconfig"; path = "Pods/Target Support Files/Pods-UTShuttleSwift/Pods-UTShuttleSwift.release.xcconfig"; sourceTree = "<group>"; };
		9E115FC69025670375E8344A /* Pods-UTShuttleSwiftTests.debug.xcconfig */ = {isa = PBXFileReference; includeInIndex = 1; lastKnownFileType = text.xcconfig; name = "Pods-UTShuttleSwiftTests.debug.xcconfig"; path = "Pods/Target Support Files/Pods-UTShuttleSwiftTests/Pods-UTShuttleSwiftTests.debug.xcconfig"; sourceTree = "<group>"; };
		B13FCEEBC0C589EC6975E86D /* Pods_UTShuttleSwift.framework */ = {isa = PBXFileReference; explicitFileType = wrapper.framework; includeInIndex = 0; path = Pods_UTShuttleSwift.framework; sourceTree = BUILT_PRODUCTS_DIR; };
		DF6145F7D1AE52E70E57237D /* Pods_UTShuttleSwiftUITests.framework */ = {isa = PBXFileReference; explicitFileType = wrapper.framework; includeInIndex = 0; path = Pods_UTShuttleSwiftUITests.framework; sourceTree = BUILT_PRODUCTS_DIR; };
/* End PBXFileReference section */

/* Begin PBXFrameworksBuildPhase section */
		447B7B0D1F0E4DB900C4774E /* Frameworks */ = {
			isa = PBXFrameworksBuildPhase;
			buildActionMask = 2147483647;
			files = (
				2FEC6BA4A3AB3C7D424B1843 /* Pods_UTShuttleSwift.framework in Frameworks */,
			);
			runOnlyForDeploymentPostprocessing = 0;
		};
		447B7B211F0E4DBA00C4774E /* Frameworks */ = {
			isa = PBXFrameworksBuildPhase;
			buildActionMask = 2147483647;
			files = (
				C59A446A285E705AA500DBB8 /* Pods_UTShuttleSwiftTests.framework in Frameworks */,
			);
			runOnlyForDeploymentPostprocessing = 0;
		};
		447B7B2C1F0E4DBA00C4774E /* Frameworks */ = {
			isa = PBXFrameworksBuildPhase;
			buildActionMask = 2147483647;
			files = (
				46016C68D1BAB6B8A67B7226 /* Pods_UTShuttleSwiftUITests.framework in Frameworks */,
			);
			runOnlyForDeploymentPostprocessing = 0;
		};
/* End PBXFrameworksBuildPhase section */

/* Begin PBXGroup section */
		0389EBCAD1C338CB3EE6455F /* Frameworks */ = {
			isa = PBXGroup;
			children = (
				B13FCEEBC0C589EC6975E86D /* Pods_UTShuttleSwift.framework */,
				2B788D8310D89358AD9D2C6A /* Pods_UTShuttleSwiftTests.framework */,
				DF6145F7D1AE52E70E57237D /* Pods_UTShuttleSwiftUITests.framework */,
			);
			name = Frameworks;
			sourceTree = "<group>";
		};
		444850501F0F45070039E209 /* API Client */ = {
			isa = PBXGroup;
			children = (
			);
			name = "API Client";
			sourceTree = "<group>";
		};
		444850511F0F45170039E209 /* TCP Client */ = {
			isa = PBXGroup;
			children = (
				444850591F0F57B60039E209 /* CommandClient.swift */,
			);
			name = "TCP Client";
			sourceTree = "<group>";
		};
		444850521F0F452D0039E209 /* Storyboards */ = {
			isa = PBXGroup;
			children = (
				447B7B171F0E4DBA00C4774E /* Main.storyboard */,
			);
			name = Storyboards;
			sourceTree = "<group>";
		};
		444850531F0F45410039E209 /* Utils */ = {
			isa = PBXGroup;
			children = (
				4448505B1F0F57F20039E209 /* DefaultStyle.swift */,
				4448505D1F0F62C70039E209 /* DeviceDetails.swift */,
				44A83C321F0FA5E30045E3B0 /* ModalUtils.swift */,
				44A989B31F109D770021D5E9 /* NavigationUtils.swift */,
			);
			name = Utils;
			sourceTree = "<group>";
		};
		444850541F0F454D0039E209 /* Views */ = {
			isa = PBXGroup;
			children = (
				444850551F0F45540039E209 /* ViewControllers */,
			);
			name = Views;
			sourceTree = "<group>";
		};
		444850551F0F45540039E209 /* ViewControllers */ = {
			isa = PBXGroup;
			children = (
				44A989B11F0FB5450021D5E9 /* LoadingViewController.swift */,
				448FE4BE1F1346EF009E644B /* DeviceRegistrationViewController.swift */,
				444A35961F138ED200D48C63 /* DriverLoginViewController.swift */,
			);
			name = ViewControllers;
			sourceTree = "<group>";
		};
		444850561F0F457D0039E209 /* Resources */ = {
			isa = PBXGroup;
			children = (
				447B7B1A1F0E4DBA00C4774E /* Assets.xcassets */,
				447B7B1C1F0E4DBA00C4774E /* LaunchScreen.storyboard */,
				447B7B1F1F0E4DBA00C4774E /* Info.plist */,
				444850601F0F64BA0039E209 /* UTShuttleSwift-Bridging-Header.h */,
			);
			name = Resources;
			sourceTree = "<group>";
		};
		444A35981F139ECB00D48C63 /* Managers */ = {
			isa = PBXGroup;
			children = (
			);
			name = Managers;
			sourceTree = "<group>";
		};
		447B7B071F0E4DB900C4774E = {
			isa = PBXGroup;
			children = (
				447B7B121F0E4DBA00C4774E /* UTShuttleSwift */,
				447B7B271F0E4DBA00C4774E /* UTShuttleSwiftTests */,
				447B7B321F0E4DBA00C4774E /* UTShuttleSwiftUITests */,
				447B7B111F0E4DB900C4774E /* Products */,
				F9CC64511D1FDB0399911946 /* Pods */,
				0389EBCAD1C338CB3EE6455F /* Frameworks */,
			);
			sourceTree = "<group>";
		};
		447B7B111F0E4DB900C4774E /* Products */ = {
			isa = PBXGroup;
			children = (
				447B7B101F0E4DB900C4774E /* UTShuttleSwift.app */,
				447B7B241F0E4DBA00C4774E /* UTShuttleSwiftTests.xctest */,
				447B7B2F1F0E4DBA00C4774E /* UTShuttleSwiftUITests.xctest */,
			);
			name = Products;
			sourceTree = "<group>";
		};
		447B7B121F0E4DBA00C4774E /* UTShuttleSwift */ = {
			isa = PBXGroup;
			children = (
				447B7B131F0E4DBA00C4774E /* AppDelegate.swift */,
				444850501F0F45070039E209 /* API Client */,
				444850511F0F45170039E209 /* TCP Client */,
				444A35981F139ECB00D48C63 /* Managers */,
				444850541F0F454D0039E209 /* Views */,
				444850531F0F45410039E209 /* Utils */,
				444850521F0F452D0039E209 /* Storyboards */,
				44A83C2D1F0F9DCB0045E3B0 /* Extensions */,
				444850561F0F457D0039E209 /* Resources */,
			);
			path = UTShuttleSwift;
			sourceTree = "<group>";
		};
		447B7B271F0E4DBA00C4774E /* UTShuttleSwiftTests */ = {
			isa = PBXGroup;
			children = (
				447B7B281F0E4DBA00C4774E /* UTShuttleSwiftTests.swift */,
				447B7B2A1F0E4DBA00C4774E /* Info.plist */,
			);
			path = UTShuttleSwiftTests;
			sourceTree = "<group>";
		};
		447B7B321F0E4DBA00C4774E /* UTShuttleSwiftUITests */ = {
			isa = PBXGroup;
			children = (
				447B7B331F0E4DBA00C4774E /* UTShuttleSwiftUITests.swift */,
				447B7B351F0E4DBA00C4774E /* Info.plist */,
			);
			path = UTShuttleSwiftUITests;
			sourceTree = "<group>";
		};
		44A83C2D1F0F9DCB0045E3B0 /* Extensions */ = {
			isa = PBXGroup;
			children = (
				44A83C301F0F9E910045E3B0 /* Extensions.swift */,
			);
			name = Extensions;
			sourceTree = "<group>";
		};
		F9CC64511D1FDB0399911946 /* Pods */ = {
			isa = PBXGroup;
			children = (
				7CD2F9FC00E844220F405396 /* Pods-UTShuttleSwift.debug.xcconfig */,
				93A07D6AF8232032A54E9D19 /* Pods-UTShuttleSwift.release.xcconfig */,
				9E115FC69025670375E8344A /* Pods-UTShuttleSwiftTests.debug.xcconfig */,
				5DE46148F6AF9F97E9420CCD /* Pods-UTShuttleSwiftTests.release.xcconfig */,
				0F8C833C7B629D08C71C82D8 /* Pods-UTShuttleSwiftUITests.debug.xcconfig */,
				7C915D832750365DC1004A53 /* Pods-UTShuttleSwiftUITests.release.xcconfig */,
			);
			name = Pods;
			sourceTree = "<group>";
		};
/* End PBXGroup section */

/* Begin PBXNativeTarget section */
		447B7B0F1F0E4DB900C4774E /* UTShuttleSwift */ = {
			isa = PBXNativeTarget;
			buildConfigurationList = 447B7B381F0E4DBA00C4774E /* Build configuration list for PBXNativeTarget "UTShuttleSwift" */;
			buildPhases = (
				993F4FA2012CD03A70D23EB7 /* [CP] Check Pods Manifest.lock */,
				447B7B0C1F0E4DB900C4774E /* Sources */,
				447B7B0D1F0E4DB900C4774E /* Frameworks */,
				447B7B0E1F0E4DB900C4774E /* Resources */,
				AB75035006240A2B3EE1C4C5 /* [CP] Embed Pods Frameworks */,
				BF8101698965832A7D864CA8 /* [CP] Copy Pods Resources */,
			);
			buildRules = (
			);
			dependencies = (
			);
			name = UTShuttleSwift;
			productName = UTShuttleSwift;
			productReference = 447B7B101F0E4DB900C4774E /* UTShuttleSwift.app */;
			productType = "com.apple.product-type.application";
		};
		447B7B231F0E4DBA00C4774E /* UTShuttleSwiftTests */ = {
			isa = PBXNativeTarget;
			buildConfigurationList = 447B7B3B1F0E4DBA00C4774E /* Build configuration list for PBXNativeTarget "UTShuttleSwiftTests" */;
			buildPhases = (
				96BB78806D9A8F345EB2A150 /* [CP] Check Pods Manifest.lock */,
				447B7B201F0E4DBA00C4774E /* Sources */,
				447B7B211F0E4DBA00C4774E /* Frameworks */,
				447B7B221F0E4DBA00C4774E /* Resources */,
				1EF6C67E0613002680F051D6 /* [CP] Embed Pods Frameworks */,
				407D3A4BF28BBCD62F48F82A /* [CP] Copy Pods Resources */,
			);
			buildRules = (
			);
			dependencies = (
				447B7B261F0E4DBA00C4774E /* PBXTargetDependency */,
			);
			name = UTShuttleSwiftTests;
			productName = UTShuttleSwiftTests;
			productReference = 447B7B241F0E4DBA00C4774E /* UTShuttleSwiftTests.xctest */;
			productType = "com.apple.product-type.bundle.unit-test";
		};
		447B7B2E1F0E4DBA00C4774E /* UTShuttleSwiftUITests */ = {
			isa = PBXNativeTarget;
			buildConfigurationList = 447B7B3E1F0E4DBA00C4774E /* Build configuration list for PBXNativeTarget "UTShuttleSwiftUITests" */;
			buildPhases = (
				A4863E7FDD32DE9092BC1D0B /* [CP] Check Pods Manifest.lock */,
				447B7B2B1F0E4DBA00C4774E /* Sources */,
				447B7B2C1F0E4DBA00C4774E /* Frameworks */,
				447B7B2D1F0E4DBA00C4774E /* Resources */,
				F35EA5C45B1A022925980187 /* [CP] Embed Pods Frameworks */,
				5D60C5D7799CEDA01A599677 /* [CP] Copy Pods Resources */,
			);
			buildRules = (
			);
			dependencies = (
				447B7B311F0E4DBA00C4774E /* PBXTargetDependency */,
			);
			name = UTShuttleSwiftUITests;
			productName = UTShuttleSwiftUITests;
			productReference = 447B7B2F1F0E4DBA00C4774E /* UTShuttleSwiftUITests.xctest */;
			productType = "com.apple.product-type.bundle.ui-testing";
		};
/* End PBXNativeTarget section */

/* Begin PBXProject section */
		447B7B081F0E4DB900C4774E /* Project object */ = {
			isa = PBXProject;
			attributes = {
				LastSwiftUpdateCheck = 0830;
				LastUpgradeCheck = 0830;
				ORGANIZATIONNAME = PLEXITECH;
				TargetAttributes = {
					447B7B0F1F0E4DB900C4774E = {
						CreatedOnToolsVersion = 8.3.3;
						DevelopmentTeam = H9U7L9Z739;
						ProvisioningStyle = Automatic;
					};
					447B7B231F0E4DBA00C4774E = {
						CreatedOnToolsVersion = 8.3.3;
						DevelopmentTeam = H9U7L9Z739;
						ProvisioningStyle = Automatic;
						TestTargetID = 447B7B0F1F0E4DB900C4774E;
					};
					447B7B2E1F0E4DBA00C4774E = {
						CreatedOnToolsVersion = 8.3.3;
						DevelopmentTeam = H9U7L9Z739;
						ProvisioningStyle = Automatic;
						TestTargetID = 447B7B0F1F0E4DB900C4774E;
					};
				};
			};
			buildConfigurationList = 447B7B0B1F0E4DB900C4774E /* Build configuration list for PBXProject "UTShuttleSwift" */;
			compatibilityVersion = "Xcode 3.2";
			developmentRegion = English;
			hasScannedForEncodings = 0;
			knownRegions = (
				en,
				Base,
			);
			mainGroup = 447B7B071F0E4DB900C4774E;
			productRefGroup = 447B7B111F0E4DB900C4774E /* Products */;
			projectDirPath = "";
			projectRoot = "";
			targets = (
				447B7B0F1F0E4DB900C4774E /* UTShuttleSwift */,
				447B7B231F0E4DBA00C4774E /* UTShuttleSwiftTests */,
				447B7B2E1F0E4DBA00C4774E /* UTShuttleSwiftUITests */,
			);
		};
/* End PBXProject section */

/* Begin PBXResourcesBuildPhase section */
		447B7B0E1F0E4DB900C4774E /* Resources */ = {
			isa = PBXResourcesBuildPhase;
			buildActionMask = 2147483647;
			files = (
				447B7B1E1F0E4DBA00C4774E /* LaunchScreen.storyboard in Resources */,
				447B7B1B1F0E4DBA00C4774E /* Assets.xcassets in Resources */,
				447B7B191F0E4DBA00C4774E /* Main.storyboard in Resources */,
			);
			runOnlyForDeploymentPostprocessing = 0;
		};
		447B7B221F0E4DBA00C4774E /* Resources */ = {
			isa = PBXResourcesBuildPhase;
			buildActionMask = 2147483647;
			files = (
			);
			runOnlyForDeploymentPostprocessing = 0;
		};
		447B7B2D1F0E4DBA00C4774E /* Resources */ = {
			isa = PBXResourcesBuildPhase;
			buildActionMask = 2147483647;
			files = (
			);
			runOnlyForDeploymentPostprocessing = 0;
		};
/* End PBXResourcesBuildPhase section */

/* Begin PBXShellScriptBuildPhase section */
		1EF6C67E0613002680F051D6 /* [CP] Embed Pods Frameworks */ = {
			isa = PBXShellScriptBuildPhase;
			buildActionMask = 2147483647;
			files = (
			);
			inputPaths = (
			);
			name = "[CP] Embed Pods Frameworks";
			outputPaths = (
			);
			runOnlyForDeploymentPostprocessing = 0;
			shellPath = /bin/sh;
			shellScript = "\"${SRCROOT}/Pods/Target Support Files/Pods-UTShuttleSwiftTests/Pods-UTShuttleSwiftTests-frameworks.sh\"\n";
			showEnvVarsInLog = 0;
		};
		407D3A4BF28BBCD62F48F82A /* [CP] Copy Pods Resources */ = {
			isa = PBXShellScriptBuildPhase;
			buildActionMask = 2147483647;
			files = (
			);
			inputPaths = (
			);
			name = "[CP] Copy Pods Resources";
			outputPaths = (
			);
			runOnlyForDeploymentPostprocessing = 0;
			shellPath = /bin/sh;
			shellScript = "\"${SRCROOT}/Pods/Target Support Files/Pods-UTShuttleSwiftTests/Pods-UTShuttleSwiftTests-resources.sh\"\n";
			showEnvVarsInLog = 0;
		};
		5D60C5D7799CEDA01A599677 /* [CP] Copy Pods Resources */ = {
			isa = PBXShellScriptBuildPhase;
			buildActionMask = 2147483647;
			files = (
			);
			inputPaths = (
			);
			name = "[CP] Copy Pods Resources";
			outputPaths = (
			);
			runOnlyForDeploymentPostprocessing = 0;
			shellPath = /bin/sh;
			shellScript = "\"${SRCROOT}/Pods/Target Support Files/Pods-UTShuttleSwiftUITests/Pods-UTShuttleSwiftUITests-resources.sh\"\n";
			showEnvVarsInLog = 0;
		};
		96BB78806D9A8F345EB2A150 /* [CP] Check Pods Manifest.lock */ = {
			isa = PBXShellScriptBuildPhase;
			buildActionMask = 2147483647;
			files = (
			);
			inputPaths = (
			);
			name = "[CP] Check Pods Manifest.lock";
			outputPaths = (
			);
			runOnlyForDeploymentPostprocessing = 0;
			shellPath = /bin/sh;
			shellScript = "diff \"${PODS_PODFILE_DIR_PATH}/Podfile.lock\" \"${PODS_ROOT}/Manifest.lock\" > /dev/null\nif [ $? != 0 ] ; then\n    # print error to STDERR\n    echo \"error: The sandbox is not in sync with the Podfile.lock. Run 'pod install' or update your CocoaPods installation.\" >&2\n    exit 1\nfi\n";
			showEnvVarsInLog = 0;
		};
		993F4FA2012CD03A70D23EB7 /* [CP] Check Pods Manifest.lock */ = {
			isa = PBXShellScriptBuildPhase;
			buildActionMask = 2147483647;
			files = (
			);
			inputPaths = (
			);
			name = "[CP] Check Pods Manifest.lock";
			outputPaths = (
			);
			runOnlyForDeploymentPostprocessing = 0;
			shellPath = /bin/sh;
			shellScript = "diff \"${PODS_PODFILE_DIR_PATH}/Podfile.lock\" \"${PODS_ROOT}/Manifest.lock\" > /dev/null\nif [ $? != 0 ] ; then\n    # print error to STDERR\n    echo \"error: The sandbox is not in sync with the Podfile.lock. Run 'pod install' or update your CocoaPods installation.\" >&2\n    exit 1\nfi\n";
			showEnvVarsInLog = 0;
		};
		A4863E7FDD32DE9092BC1D0B /* [CP] Check Pods Manifest.lock */ = {
			isa = PBXShellScriptBuildPhase;
			buildActionMask = 2147483647;
			files = (
			);
			inputPaths = (
			);
			name = "[CP] Check Pods Manifest.lock";
			outputPaths = (
			);
			runOnlyForDeploymentPostprocessing = 0;
			shellPath = /bin/sh;
			shellScript = "diff \"${PODS_PODFILE_DIR_PATH}/Podfile.lock\" \"${PODS_ROOT}/Manifest.lock\" > /dev/null\nif [ $? != 0 ] ; then\n    # print error to STDERR\n    echo \"error: The sandbox is not in sync with the Podfile.lock. Run 'pod install' or update your CocoaPods installation.\" >&2\n    exit 1\nfi\n";
			showEnvVarsInLog = 0;
		};
		AB75035006240A2B3EE1C4C5 /* [CP] Embed Pods Frameworks */ = {
			isa = PBXShellScriptBuildPhase;
			buildActionMask = 2147483647;
			files = (
			);
			inputPaths = (
			);
			name = "[CP] Embed Pods Frameworks";
			outputPaths = (
			);
			runOnlyForDeploymentPostprocessing = 0;
			shellPath = /bin/sh;
			shellScript = "\"${SRCROOT}/Pods/Target Support Files/Pods-UTShuttleSwift/Pods-UTShuttleSwift-frameworks.sh\"\n";
			showEnvVarsInLog = 0;
		};
		BF8101698965832A7D864CA8 /* [CP] Copy Pods Resources */ = {
			isa = PBXShellScriptBuildPhase;
			buildActionMask = 2147483647;
			files = (
			);
			inputPaths = (
			);
			name = "[CP] Copy Pods Resources";
			outputPaths = (
			);
			runOnlyForDeploymentPostprocessing = 0;
			shellPath = /bin/sh;
			shellScript = "\"${SRCROOT}/Pods/Target Support Files/Pods-UTShuttleSwift/Pods-UTShuttleSwift-resources.sh\"\n";
			showEnvVarsInLog = 0;
		};
		F35EA5C45B1A022925980187 /* [CP] Embed Pods Frameworks */ = {
			isa = PBXShellScriptBuildPhase;
			buildActionMask = 2147483647;
			files = (
			);
			inputPaths = (
			);
			name = "[CP] Embed Pods Frameworks";
			outputPaths = (
			);
			runOnlyForDeploymentPostprocessing = 0;
			shellPath = /bin/sh;
			shellScript = "\"${SRCROOT}/Pods/Target Support Files/Pods-UTShuttleSwiftUITests/Pods-UTShuttleSwiftUITests-frameworks.sh\"\n";
			showEnvVarsInLog = 0;
		};
/* End PBXShellScriptBuildPhase section */

/* Begin PBXSourcesBuildPhase section */
		447B7B0C1F0E4DB900C4774E /* Sources */ = {
			isa = PBXSourcesBuildPhase;
			buildActionMask = 2147483647;
			files = (
				444A35971F138ED200D48C63 /* DriverLoginViewController.swift in Sources */,
				44A989B21F0FB5450021D5E9 /* LoadingViewController.swift in Sources */,
				44A989B41F109D770021D5E9 /* NavigationUtils.swift in Sources */,
				44A83C311F0F9E910045E3B0 /* Extensions.swift in Sources */,
				44A83C331F0FA5E30045E3B0 /* ModalUtils.swift in Sources */,
				448FE4BF1F1346EF009E644B /* DeviceRegistrationViewController.swift in Sources */,
				4448505E1F0F62C70039E209 /* DeviceDetails.swift in Sources */,
				447B7B141F0E4DBA00C4774E /* AppDelegate.swift in Sources */,
				4448505A1F0F57B60039E209 /* CommandClient.swift in Sources */,
				4448505C1F0F57F20039E209 /* DefaultStyle.swift in Sources */,
			);
			runOnlyForDeploymentPostprocessing = 0;
		};
		447B7B201F0E4DBA00C4774E /* Sources */ = {
			isa = PBXSourcesBuildPhase;
			buildActionMask = 2147483647;
			files = (
				447B7B291F0E4DBA00C4774E /* UTShuttleSwiftTests.swift in Sources */,
			);
			runOnlyForDeploymentPostprocessing = 0;
		};
		447B7B2B1F0E4DBA00C4774E /* Sources */ = {
			isa = PBXSourcesBuildPhase;
			buildActionMask = 2147483647;
			files = (
				447B7B341F0E4DBA00C4774E /* UTShuttleSwiftUITests.swift in Sources */,
			);
			runOnlyForDeploymentPostprocessing = 0;
		};
/* End PBXSourcesBuildPhase section */

/* Begin PBXTargetDependency section */
		447B7B261F0E4DBA00C4774E /* PBXTargetDependency */ = {
			isa = PBXTargetDependency;
			target = 447B7B0F1F0E4DB900C4774E /* UTShuttleSwift */;
			targetProxy = 447B7B251F0E4DBA00C4774E /* PBXContainerItemProxy */;
		};
		447B7B311F0E4DBA00C4774E /* PBXTargetDependency */ = {
			isa = PBXTargetDependency;
			target = 447B7B0F1F0E4DB900C4774E /* UTShuttleSwift */;
			targetProxy = 447B7B301F0E4DBA00C4774E /* PBXContainerItemProxy */;
		};
/* End PBXTargetDependency section */

/* Begin PBXVariantGroup section */
		447B7B171F0E4DBA00C4774E /* Main.storyboard */ = {
			isa = PBXVariantGroup;
			children = (
				447B7B181F0E4DBA00C4774E /* Base */,
			);
			name = Main.storyboard;
			sourceTree = "<group>";
		};
		447B7B1C1F0E4DBA00C4774E /* LaunchScreen.storyboard */ = {
			isa = PBXVariantGroup;
			children = (
				447B7B1D1F0E4DBA00C4774E /* Base */,
			);
			name = LaunchScreen.storyboard;
			sourceTree = "<group>";
		};
/* End PBXVariantGroup section */

/* Begin XCBuildConfiguration section */
		447B7B361F0E4DBA00C4774E /* Debug */ = {
			isa = XCBuildConfiguration;
			buildSettings = {
				ALWAYS_SEARCH_USER_PATHS = NO;
				CLANG_ANALYZER_NONNULL = YES;
				CLANG_ANALYZER_NUMBER_OBJECT_CONVERSION = YES_AGGRESSIVE;
				CLANG_CXX_LANGUAGE_STANDARD = "gnu++0x";
				CLANG_CXX_LIBRARY = "libc++";
				CLANG_ENABLE_MODULES = YES;
				CLANG_ENABLE_OBJC_ARC = YES;
				CLANG_WARN_BOOL_CONVERSION = YES;
				CLANG_WARN_CONSTANT_CONVERSION = YES;
				CLANG_WARN_DIRECT_OBJC_ISA_USAGE = YES_ERROR;
				CLANG_WARN_DOCUMENTATION_COMMENTS = YES;
				CLANG_WARN_EMPTY_BODY = YES;
				CLANG_WARN_ENUM_CONVERSION = YES;
				CLANG_WARN_INFINITE_RECURSION = YES;
				CLANG_WARN_INT_CONVERSION = YES;
				CLANG_WARN_OBJC_ROOT_CLASS = YES_ERROR;
				CLANG_WARN_SUSPICIOUS_MOVE = YES;
				CLANG_WARN_UNREACHABLE_CODE = YES;
				CLANG_WARN__DUPLICATE_METHOD_MATCH = YES;
				"CODE_SIGN_IDENTITY[sdk=iphoneos*]" = "iPhone Developer";
				COPY_PHASE_STRIP = NO;
				DEBUG_INFORMATION_FORMAT = dwarf;
				ENABLE_STRICT_OBJC_MSGSEND = YES;
				ENABLE_TESTABILITY = YES;
				GCC_C_LANGUAGE_STANDARD = gnu99;
				GCC_DYNAMIC_NO_PIC = NO;
				GCC_NO_COMMON_BLOCKS = YES;
				GCC_OPTIMIZATION_LEVEL = 0;
				GCC_PREPROCESSOR_DEFINITIONS = (
					"DEBUG=1",
					"$(inherited)",
				);
				GCC_WARN_64_TO_32_BIT_CONVERSION = YES;
				GCC_WARN_ABOUT_RETURN_TYPE = YES_ERROR;
				GCC_WARN_UNDECLARED_SELECTOR = YES;
				GCC_WARN_UNINITIALIZED_AUTOS = YES_AGGRESSIVE;
				GCC_WARN_UNUSED_FUNCTION = YES;
				GCC_WARN_UNUSED_VARIABLE = YES;
				IPHONEOS_DEPLOYMENT_TARGET = 10.3;
				MTL_ENABLE_DEBUG_INFO = YES;
				ONLY_ACTIVE_ARCH = YES;
				SDKROOT = iphoneos;
				SWIFT_ACTIVE_COMPILATION_CONDITIONS = DEBUG;
				SWIFT_OPTIMIZATION_LEVEL = "-Onone";
			};
			name = Debug;
		};
		447B7B371F0E4DBA00C4774E /* Release */ = {
			isa = XCBuildConfiguration;
			buildSettings = {
				ALWAYS_SEARCH_USER_PATHS = NO;
				CLANG_ANALYZER_NONNULL = YES;
				CLANG_ANALYZER_NUMBER_OBJECT_CONVERSION = YES_AGGRESSIVE;
				CLANG_CXX_LANGUAGE_STANDARD = "gnu++0x";
				CLANG_CXX_LIBRARY = "libc++";
				CLANG_ENABLE_MODULES = YES;
				CLANG_ENABLE_OBJC_ARC = YES;
				CLANG_WARN_BOOL_CONVERSION = YES;
				CLANG_WARN_CONSTANT_CONVERSION = YES;
				CLANG_WARN_DIRECT_OBJC_ISA_USAGE = YES_ERROR;
				CLANG_WARN_DOCUMENTATION_COMMENTS = YES;
				CLANG_WARN_EMPTY_BODY = YES;
				CLANG_WARN_ENUM_CONVERSION = YES;
				CLANG_WARN_INFINITE_RECURSION = YES;
				CLANG_WARN_INT_CONVERSION = YES;
				CLANG_WARN_OBJC_ROOT_CLASS = YES_ERROR;
				CLANG_WARN_SUSPICIOUS_MOVE = YES;
				CLANG_WARN_UNREACHABLE_CODE = YES;
				CLANG_WARN__DUPLICATE_METHOD_MATCH = YES;
				"CODE_SIGN_IDENTITY[sdk=iphoneos*]" = "iPhone Developer";
				COPY_PHASE_STRIP = NO;
				DEBUG_INFORMATION_FORMAT = "dwarf-with-dsym";
				ENABLE_NS_ASSERTIONS = NO;
				ENABLE_STRICT_OBJC_MSGSEND = YES;
				GCC_C_LANGUAGE_STANDARD = gnu99;
				GCC_NO_COMMON_BLOCKS = YES;
				GCC_WARN_64_TO_32_BIT_CONVERSION = YES;
				GCC_WARN_ABOUT_RETURN_TYPE = YES_ERROR;
				GCC_WARN_UNDECLARED_SELECTOR = YES;
				GCC_WARN_UNINITIALIZED_AUTOS = YES_AGGRESSIVE;
				GCC_WARN_UNUSED_FUNCTION = YES;
				GCC_WARN_UNUSED_VARIABLE = YES;
				IPHONEOS_DEPLOYMENT_TARGET = 10.3;
				MTL_ENABLE_DEBUG_INFO = NO;
				SDKROOT = iphoneos;
				SWIFT_OPTIMIZATION_LEVEL = "-Owholemodule";
				VALIDATE_PRODUCT = YES;
			};
			name = Release;
		};
		447B7B391F0E4DBA00C4774E /* Debug */ = {
			isa = XCBuildConfiguration;
			baseConfigurationReference = 7CD2F9FC00E844220F405396 /* Pods-UTShuttleSwift.debug.xcconfig */;
			buildSettings = {
				ASSETCATALOG_COMPILER_APPICON_NAME = AppIcon;
				DEVELOPMENT_TEAM = H9U7L9Z739;
				INFOPLIST_FILE = UTShuttleSwift/Info.plist;
				LD_RUNPATH_SEARCH_PATHS = "$(inherited) @executable_path/Frameworks";
				PRODUCT_BUNDLE_IDENTIFIER = com.plexitech.UTShuttleSwift;
				PRODUCT_NAME = "$(TARGET_NAME)";
				SWIFT_OBJC_BRIDGING_HEADER = "$(PROJECT_DIR)/$(PROJECT_NAME)/$(PROJECT_NAME)-Bridging-Header.h";
				SWIFT_VERSION = 3.0;
			};
			name = Debug;
		};
		447B7B3A1F0E4DBA00C4774E /* Release */ = {
			isa = XCBuildConfiguration;
			baseConfigurationReference = 93A07D6AF8232032A54E9D19 /* Pods-UTShuttleSwift.release.xcconfig */;
			buildSettings = {
				ASSETCATALOG_COMPILER_APPICON_NAME = AppIcon;
				DEVELOPMENT_TEAM = H9U7L9Z739;
				INFOPLIST_FILE = UTShuttleSwift/Info.plist;
				LD_RUNPATH_SEARCH_PATHS = "$(inherited) @executable_path/Frameworks";
				PRODUCT_BUNDLE_IDENTIFIER = com.plexitech.UTShuttleSwift;
				PRODUCT_NAME = "$(TARGET_NAME)";
				SWIFT_OBJC_BRIDGING_HEADER = "$(PROJECT_DIR)/$(PROJECT_NAME)/$(PROJECT_NAME)-Bridging-Header.h";
				SWIFT_VERSION = 3.0;
			};
			name = Release;
		};
		447B7B3C1F0E4DBA00C4774E /* Debug */ = {
			isa = XCBuildConfiguration;
			baseConfigurationReference = 9E115FC69025670375E8344A /* Pods-UTShuttleSwiftTests.debug.xcconfig */;
			buildSettings = {
				ALWAYS_EMBED_SWIFT_STANDARD_LIBRARIES = YES;
				BUNDLE_LOADER = "$(TEST_HOST)";
				DEVELOPMENT_TEAM = H9U7L9Z739;
				INFOPLIST_FILE = UTShuttleSwiftTests/Info.plist;
				LD_RUNPATH_SEARCH_PATHS = "$(inherited) @executable_path/Frameworks @loader_path/Frameworks";
				PRODUCT_BUNDLE_IDENTIFIER = com.plexitech.UTShuttleSwiftTests;
				PRODUCT_NAME = "$(TARGET_NAME)";
				SWIFT_VERSION = 3.0;
				TEST_HOST = "$(BUILT_PRODUCTS_DIR)/UTShuttleSwift.app/UTShuttleSwift";
			};
			name = Debug;
		};
		447B7B3D1F0E4DBA00C4774E /* Release */ = {
			isa = XCBuildConfiguration;
			baseConfigurationReference = 5DE46148F6AF9F97E9420CCD /* Pods-UTShuttleSwiftTests.release.xcconfig */;
			buildSettings = {
				ALWAYS_EMBED_SWIFT_STANDARD_LIBRARIES = YES;
				BUNDLE_LOADER = "$(TEST_HOST)";
				DEVELOPMENT_TEAM = H9U7L9Z739;
				INFOPLIST_FILE = UTShuttleSwiftTests/Info.plist;
				LD_RUNPATH_SEARCH_PATHS = "$(inherited) @executable_path/Frameworks @loader_path/Frameworks";
				PRODUCT_BUNDLE_IDENTIFIER = com.plexitech.UTShuttleSwiftTests;
				PRODUCT_NAME = "$(TARGET_NAME)";
				SWIFT_VERSION = 3.0;
				TEST_HOST = "$(BUILT_PRODUCTS_DIR)/UTShuttleSwift.app/UTShuttleSwift";
			};
			name = Release;
		};
		447B7B3F1F0E4DBA00C4774E /* Debug */ = {
			isa = XCBuildConfiguration;
			baseConfigurationReference = 0F8C833C7B629D08C71C82D8 /* Pods-UTShuttleSwiftUITests.debug.xcconfig */;
			buildSettings = {
				ALWAYS_EMBED_SWIFT_STANDARD_LIBRARIES = YES;
				DEVELOPMENT_TEAM = H9U7L9Z739;
				INFOPLIST_FILE = UTShuttleSwiftUITests/Info.plist;
				LD_RUNPATH_SEARCH_PATHS = "$(inherited) @executable_path/Frameworks @loader_path/Frameworks";
				PRODUCT_BUNDLE_IDENTIFIER = com.plexitech.UTShuttleSwiftUITests;
				PRODUCT_NAME = "$(TARGET_NAME)";
				SWIFT_VERSION = 3.0;
				TEST_TARGET_NAME = UTShuttleSwift;
			};
			name = Debug;
		};
		447B7B401F0E4DBA00C4774E /* Release */ = {
			isa = XCBuildConfiguration;
			baseConfigurationReference = 7C915D832750365DC1004A53 /* Pods-UTShuttleSwiftUITests.release.xcconfig */;
			buildSettings = {
				ALWAYS_EMBED_SWIFT_STANDARD_LIBRARIES = YES;
				DEVELOPMENT_TEAM = H9U7L9Z739;
				INFOPLIST_FILE = UTShuttleSwiftUITests/Info.plist;
				LD_RUNPATH_SEARCH_PATHS = "$(inherited) @executable_path/Frameworks @loader_path/Frameworks";
				PRODUCT_BUNDLE_IDENTIFIER = com.plexitech.UTShuttleSwiftUITests;
				PRODUCT_NAME = "$(TARGET_NAME)";
				SWIFT_VERSION = 3.0;
				TEST_TARGET_NAME = UTShuttleSwift;
			};
			name = Release;
		};
/* End XCBuildConfiguration section */

/* Begin XCConfigurationList section */
		447B7B0B1F0E4DB900C4774E /* Build configuration list for PBXProject "UTShuttleSwift" */ = {
			isa = XCConfigurationList;
			buildConfigurations = (
				447B7B361F0E4DBA00C4774E /* Debug */,
				447B7B371F0E4DBA00C4774E /* Release */,
			);
			defaultConfigurationIsVisible = 0;
			defaultConfigurationName = Release;
		};
		447B7B381F0E4DBA00C4774E /* Build configuration list for PBXNativeTarget "UTShuttleSwift" */ = {
			isa = XCConfigurationList;
			buildConfigurations = (
				447B7B391F0E4DBA00C4774E /* Debug */,
				447B7B3A1F0E4DBA00C4774E /* Release */,
			);
			defaultConfigurationIsVisible = 0;
			defaultConfigurationName = Release;
		};
		447B7B3B1F0E4DBA00C4774E /* Build configuration list for PBXNativeTarget "UTShuttleSwiftTests" */ = {
			isa = XCConfigurationList;
			buildConfigurations = (
				447B7B3C1F0E4DBA00C4774E /* Debug */,
				447B7B3D1F0E4DBA00C4774E /* Release */,
			);
			defaultConfigurationIsVisible = 0;
			defaultConfigurationName = Release;
		};
		447B7B3E1F0E4DBA00C4774E /* Build configuration list for PBXNativeTarget "UTShuttleSwiftUITests" */ = {
			isa = XCConfigurationList;
			buildConfigurations = (
				447B7B3F1F0E4DBA00C4774E /* Debug */,
				447B7B401F0E4DBA00C4774E /* Release */,
			);
			defaultConfigurationIsVisible = 0;
			defaultConfigurationName = Release;
		};
/* End XCConfigurationList section */
	};
	rootObject = 447B7B081F0E4DB900C4774E /* Project object */;
}
